
Microsoft Visual Studio Solution File, Format Version 12.00
# Visual Studio 14
VisualStudioVersion = 14.0.25420.1
MinimumVisualStudioVersion = 10.0.40219.1
Project("{FAE04EC0-301F-11D3-BF4B-00C04F79EFBC}") = "FactoryPatternDemonstration", "FactoryPatternDemonstration\FactoryPatternDemonstration.csproj", "{BFAFE153-FA0E-4175-800F-F122BC2ADABD}"
EndProject
Global
	GlobalSection(SolutionConfigurationPlatforms) = preSolution
		Debug|Any CPU = Debug|Any CPU
		Release|Any CPU = Release|Any CPU
	EndGlobalSection
	GlobalSection(ProjectConfigurationPlatforms) = postSolution
		{BFAFE153-FA0E-4175-800F-F122BC2ADABD}.Debug|Any CPU.ActiveCfg = Debug|Any CPU
		{BFAFE153-FA0E-4175-800F-F122BC2ADABD}.Debug|Any CPU.Build.0 = Debug|Any CPU
		{BFAFE153-FA0E-4175-800F-F122BC2ADABD}.Release|Any CPU.ActiveCfg = Release|Any CPU
		{BFAFE153-FA0E-4175-800F-F122BC2ADABD}.Release|Any CPU.Build.0 = Release|Any CPU
	EndGlobalSection
	GlobalSection(SolutionProperties) = preSolution
		HideSolutionNode = FALSE
	EndGlobalSection
EndGlobal
